
Microsoft Visual Studio Solution File, Format Version 12.00
# Visual Studio 15
VisualStudioVersion = 15.0.27703.2042
MinimumVisualStudioVersion = 10.0.40219.1
Project("{FAE04EC0-301F-11D3-BF4B-00C04F79EFBC}") = "Library.Web", "Library.Web\Library.Web.csproj", "{A76407F8-8ECE-43A6-8F1A-A61C9AF110C5}"
EndProject
Project("{FAE04EC0-301F-11D3-BF4B-00C04F79EFBC}") = "Library", "..\Library\Library\Library.csproj", "{2E25B9BC-B1FF-4A7F-925E-636164777866}"
EndProject
Global
	GlobalSection(SolutionConfigurationPlatforms) = preSolution
		Debug|Any CPU = Debug|Any CPU
		Release|Any CPU = Release|Any CPU
	EndGlobalSection
	GlobalSection(ProjectConfigurationPlatforms) = postSolution
		{A76407F8-8ECE-43A6-8F1A-A61C9AF110C5}.Debug|Any CPU.ActiveCfg = Debug|Any CPU
		{A76407F8-8ECE-43A6-8F1A-A61C9AF110C5}.Debug|Any CPU.Build.0 = Debug|Any CPU
		{A76407F8-8ECE-43A6-8F1A-A61C9AF110C5}.Release|Any CPU.ActiveCfg = Release|Any CPU
		{A76407F8-8ECE-43A6-8F1A-A61C9AF110C5}.Release|Any CPU.Build.0 = Release|Any CPU
		{2E25B9BC-B1FF-4A7F-925E-636164777866}.Debug|Any CPU.ActiveCfg = Debug|Any CPU
		{2E25B9BC-B1FF-4A7F-925E-636164777866}.Debug|Any CPU.Build.0 = Debug|Any CPU
		{2E25B9BC-B1FF-4A7F-925E-636164777866}.Release|Any CPU.ActiveCfg = Release|Any CPU
		{2E25B9BC-B1FF-4A7F-925E-636164777866}.Release|Any CPU.Build.0 = Release|Any CPU
	EndGlobalSection
	GlobalSection(SolutionProperties) = preSolution
		HideSolutionNode = FALSE
	EndGlobalSection
	GlobalSection(ExtensibilityGlobals) = postSolution
		SolutionGuid = {61454584-7013-4946-9D1F-69A4D0AC23CA}
	EndGlobalSection
EndGlobal
